// !$*UTF8*$!
{
	archiveVersion = 1;
	classes = {
	};
	objectVersion = 50;
	objects = {

/* Begin PBXBuildFile section */
		93381CDC25A37EF4000B881F /* ProjectInfoModel.swift in Sources */ = {isa = PBXBuildFile; fileRef = 93381CDB25A37EF4000B881F /* ProjectInfoModel.swift */; };
		936F5DAB25A382FE00C86CA3 /* ProjectInfoModel.swift in Sources */ = {isa = PBXBuildFile; fileRef = 93381CDB25A37EF4000B881F /* ProjectInfoModel.swift */; };
		93833D3225A37384005FF3C0 /* Constants.swift in Sources */ = {isa = PBXBuildFile; fileRef = 93833D3125A37384005FF3C0 /* Constants.swift */; };
		93833D3325A37384005FF3C0 /* Constants.swift in Sources */ = {isa = PBXBuildFile; fileRef = 93833D3125A37384005FF3C0 /* Constants.swift */; };
		93D60F3725BA32D40040DE9F /* ProjectModel.swift in Sources */ = {isa = PBXBuildFile; fileRef = 93D60F3625BA32D40040DE9F /* ProjectModel.swift */; };
		93D60F3825BA32D40040DE9F /* ProjectModel.swift in Sources */ = {isa = PBXBuildFile; fileRef = 93D60F3625BA32D40040DE9F /* ProjectModel.swift */; };
		93E1359B25A32D1C003F7423 /* Tests_iOS.swift in Sources */ = {isa = PBXBuildFile; fileRef = 93E1359A25A32D1C003F7423 /* Tests_iOS.swift */; };
		93E135A625A32D1C003F7423 /* Tests_macOS.swift in Sources */ = {isa = PBXBuildFile; fileRef = 93E135A525A32D1C003F7423 /* Tests_macOS.swift */; };
		93E135A825A32D1C003F7423 /* ProjectManagerApp.swift in Sources */ = {isa = PBXBuildFile; fileRef = 93E1357E25A32D1C003F7423 /* ProjectManagerApp.swift */; };
		93E135A925A32D1C003F7423 /* ProjectManagerApp.swift in Sources */ = {isa = PBXBuildFile; fileRef = 93E1357E25A32D1C003F7423 /* ProjectManagerApp.swift */; };
		93E135AA25A32D1C003F7423 /* ProjectManagerDocument.swift in Sources */ = {isa = PBXBuildFile; fileRef = 93E1357F25A32D1C003F7423 /* ProjectManagerDocument.swift */; };
		93E135AB25A32D1C003F7423 /* ProjectManagerDocument.swift in Sources */ = {isa = PBXBuildFile; fileRef = 93E1357F25A32D1C003F7423 /* ProjectManagerDocument.swift */; };
		93E135AC25A32D1C003F7423 /* ContentView.swift in Sources */ = {isa = PBXBuildFile; fileRef = 93E1358025A32D1C003F7423 /* ContentView.swift */; };
		93E135AD25A32D1C003F7423 /* ContentView.swift in Sources */ = {isa = PBXBuildFile; fileRef = 93E1358025A32D1C003F7423 /* ContentView.swift */; };
		93E135AE25A32D1C003F7423 /* Assets.xcassets in Resources */ = {isa = PBXBuildFile; fileRef = 93E1358125A32D1C003F7423 /* Assets.xcassets */; };
		93E135AF25A32D1C003F7423 /* Assets.xcassets in Resources */ = {isa = PBXBuildFile; fileRef = 93E1358125A32D1C003F7423 /* Assets.xcassets */; };
/* End PBXBuildFile section */

/* Begin PBXContainerItemProxy section */
		93E1359725A32D1C003F7423 /* PBXContainerItemProxy */ = {
			isa = PBXContainerItemProxy;
			containerPortal = 93E1357925A32D1B003F7423 /* Project object */;
			proxyType = 1;
			remoteGlobalIDString = 93E1358525A32D1C003F7423;
			remoteInfo = "ProjectManager (iOS)";
		};
		93E135A225A32D1C003F7423 /* PBXContainerItemProxy */ = {
			isa = PBXContainerItemProxy;
			containerPortal = 93E1357925A32D1B003F7423 /* Project object */;
			proxyType = 1;
			remoteGlobalIDString = 93E1358D25A32D1C003F7423;
			remoteInfo = "ProjectManager (macOS)";
		};
/* End PBXContainerItemProxy section */

/* Begin PBXFileReference section */
		93381CDB25A37EF4000B881F /* ProjectInfoModel.swift */ = {isa = PBXFileReference; lastKnownFileType = sourcecode.swift; path = ProjectInfoModel.swift; sourceTree = "<group>"; };
		93833D3125A37384005FF3C0 /* Constants.swift */ = {isa = PBXFileReference; lastKnownFileType = sourcecode.swift; path = Constants.swift; sourceTree = "<group>"; };
		93D60F3625BA32D40040DE9F /* ProjectModel.swift */ = {isa = PBXFileReference; lastKnownFileType = sourcecode.swift; path = ProjectModel.swift; sourceTree = "<group>"; };
		93E1357E25A32D1C003F7423 /* ProjectManagerApp.swift */ = {isa = PBXFileReference; lastKnownFileType = sourcecode.swift; path = ProjectManagerApp.swift; sourceTree = "<group>"; };
		93E1357F25A32D1C003F7423 /* ProjectManagerDocument.swift */ = {isa = PBXFileReference; lastKnownFileType = sourcecode.swift; path = ProjectManagerDocument.swift; sourceTree = "<group>"; };
		93E1358025A32D1C003F7423 /* ContentView.swift */ = {isa = PBXFileReference; lastKnownFileType = sourcecode.swift; path = ContentView.swift; sourceTree = "<group>"; };
		93E1358125A32D1C003F7423 /* Assets.xcassets */ = {isa = PBXFileReference; lastKnownFileType = folder.assetcatalog; path = Assets.xcassets; sourceTree = "<group>"; };
		93E1358625A32D1C003F7423 /* ProjectManager.app */ = {isa = PBXFileReference; explicitFileType = wrapper.application; includeInIndex = 0; path = ProjectManager.app; sourceTree = BUILT_PRODUCTS_DIR; };
		93E1358925A32D1C003F7423 /* Info.plist */ = {isa = PBXFileReference; lastKnownFileType = text.plist.xml; path = Info.plist; sourceTree = "<group>"; };
		93E1358E25A32D1C003F7423 /* ProjectManager.app */ = {isa = PBXFileReference; explicitFileType = wrapper.application; includeInIndex = 0; path = ProjectManager.app; sourceTree = BUILT_PRODUCTS_DIR; };
		93E1359025A32D1C003F7423 /* Info.plist */ = {isa = PBXFileReference; lastKnownFileType = text.plist.xml; path = Info.plist; sourceTree = "<group>"; };
		93E1359125A32D1C003F7423 /* macOS.entitlements */ = {isa = PBXFileReference; lastKnownFileType = text.plist.entitlements; path = macOS.entitlements; sourceTree = "<group>"; };
		93E1359625A32D1C003F7423 /* Tests iOS.xctest */ = {isa = PBXFileReference; explicitFileType = wrapper.cfbundle; includeInIndex = 0; path = "Tests iOS.xctest"; sourceTree = BUILT_PRODUCTS_DIR; };
		93E1359A25A32D1C003F7423 /* Tests_iOS.swift */ = {isa = PBXFileReference; lastKnownFileType = sourcecode.swift; path = Tests_iOS.swift; sourceTree = "<group>"; };
		93E1359C25A32D1C003F7423 /* Info.plist */ = {isa = PBXFileReference; lastKnownFileType = text.plist.xml; path = Info.plist; sourceTree = "<group>"; };
		93E135A125A32D1C003F7423 /* Tests macOS.xctest */ = {isa = PBXFileReference; explicitFileType = wrapper.cfbundle; includeInIndex = 0; path = "Tests macOS.xctest"; sourceTree = BUILT_PRODUCTS_DIR; };
		93E135A525A32D1C003F7423 /* Tests_macOS.swift */ = {isa = PBXFileReference; lastKnownFileType = sourcecode.swift; path = Tests_macOS.swift; sourceTree = "<group>"; };
		93E135A725A32D1C003F7423 /* Info.plist */ = {isa = PBXFileReference; lastKnownFileType = text.plist.xml; path = Info.plist; sourceTree = "<group>"; };
/* End PBXFileReference section */

/* Begin PBXFrameworksBuildPhase section */
		93E1358325A32D1C003F7423 /* Frameworks */ = {
			isa = PBXFrameworksBuildPhase;
			buildActionMask = 2147483647;
			files = (
			);
			runOnlyForDeploymentPostprocessing = 0;
		};
		93E1358B25A32D1C003F7423 /* Frameworks */ = {
			isa = PBXFrameworksBuildPhase;
			buildActionMask = 2147483647;
			files = (
			);
			runOnlyForDeploymentPostprocessing = 0;
		};
		93E1359325A32D1C003F7423 /* Frameworks */ = {
			isa = PBXFrameworksBuildPhase;
			buildActionMask = 2147483647;
			files = (
			);
			runOnlyForDeploymentPostprocessing = 0;
		};
		93E1359E25A32D1C003F7423 /* Frameworks */ = {
			isa = PBXFrameworksBuildPhase;
			buildActionMask = 2147483647;
			files = (
			);
			runOnlyForDeploymentPostprocessing = 0;
		};
/* End PBXFrameworksBuildPhase section */

/* Begin PBXGroup section */
		93381CD625A37EEA000B881F /* Models */ = {
			isa = PBXGroup;
			children = (
				93381CDB25A37EF4000B881F /* ProjectInfoModel.swift */,
				93D60F3625BA32D40040DE9F /* ProjectModel.swift */,
			);
			path = Models;
			sourceTree = "<group>";
		};
		93833D2625A371E8005FF3C0 /* Frameworks */ = {
			isa = PBXGroup;
			children = (
			);
			name = Frameworks;
			sourceTree = "<group>";
		};
		93E1357825A32D1B003F7423 = {
			isa = PBXGroup;
			children = (
				93E1357D25A32D1C003F7423 /* Shared */,
				93E1358825A32D1C003F7423 /* iOS */,
				93E1358F25A32D1C003F7423 /* macOS */,
				93E1359925A32D1C003F7423 /* Tests iOS */,
				93E135A425A32D1C003F7423 /* Tests macOS */,
				93E1358725A32D1C003F7423 /* Products */,
				93833D2625A371E8005FF3C0 /* Frameworks */,
			);
			sourceTree = "<group>";
		};
		93E1357D25A32D1C003F7423 /* Shared */ = {
			isa = PBXGroup;
			children = (
				93381CD625A37EEA000B881F /* Models */,
				93E135C225A32D67003F7423 /* Views */,
				93E1357E25A32D1C003F7423 /* ProjectManagerApp.swift */,
				93E1357F25A32D1C003F7423 /* ProjectManagerDocument.swift */,
				93833D3125A37384005FF3C0 /* Constants.swift */,
				93E1358125A32D1C003F7423 /* Assets.xcassets */,
			);
			path = Shared;
			sourceTree = "<group>";
		};
		93E1358725A32D1C003F7423 /* Products */ = {
			isa = PBXGroup;
			children = (
				93E1358625A32D1C003F7423 /* ProjectManager.app */,
				93E1358E25A32D1C003F7423 /* ProjectManager.app */,
				93E1359625A32D1C003F7423 /* Tests iOS.xctest */,
				93E135A125A32D1C003F7423 /* Tests macOS.xctest */,
			);
			name = Products;
			sourceTree = "<group>";
		};
		93E1358825A32D1C003F7423 /* iOS */ = {
			isa = PBXGroup;
			children = (
				93E1358925A32D1C003F7423 /* Info.plist */,
			);
			path = iOS;
			sourceTree = "<group>";
		};
		93E1358F25A32D1C003F7423 /* macOS */ = {
			isa = PBXGroup;
			children = (
				93E1359025A32D1C003F7423 /* Info.plist */,
				93E1359125A32D1C003F7423 /* macOS.entitlements */,
			);
			path = macOS;
			sourceTree = "<group>";
		};
		93E1359925A32D1C003F7423 /* Tests iOS */ = {
			isa = PBXGroup;
			children = (
				93E1359A25A32D1C003F7423 /* Tests_iOS.swift */,
				93E1359C25A32D1C003F7423 /* Info.plist */,
			);
			path = "Tests iOS";
			sourceTree = "<group>";
		};
		93E135A425A32D1C003F7423 /* Tests macOS */ = {
			isa = PBXGroup;
			children = (
				93E135A525A32D1C003F7423 /* Tests_macOS.swift */,
				93E135A725A32D1C003F7423 /* Info.plist */,
			);
			path = "Tests macOS";
			sourceTree = "<group>";
		};
		93E135C225A32D67003F7423 /* Views */ = {
			isa = PBXGroup;
			children = (
				93E1358025A32D1C003F7423 /* ContentView.swift */,
			);
			path = Views;
			sourceTree = "<group>";
		};
/* End PBXGroup section */

/* Begin PBXNativeTarget section */
		93E1358525A32D1C003F7423 /* ProjectManager (iOS) */ = {
			isa = PBXNativeTarget;
			buildConfigurationList = 93E135B225A32D1C003F7423 /* Build configuration list for PBXNativeTarget "ProjectManager (iOS)" */;
			buildPhases = (
				93E1358225A32D1C003F7423 /* Sources */,
				93E1358325A32D1C003F7423 /* Frameworks */,
				93E1358425A32D1C003F7423 /* Resources */,
			);
			buildRules = (
			);
			dependencies = (
			);
			name = "ProjectManager (iOS)";
			packageProductDependencies = (
			);
			productName = "ProjectManager (iOS)";
			productReference = 93E1358625A32D1C003F7423 /* ProjectManager.app */;
			productType = "com.apple.product-type.application";
		};
		93E1358D25A32D1C003F7423 /* ProjectManager (macOS) */ = {
			isa = PBXNativeTarget;
			buildConfigurationList = 93E135B525A32D1C003F7423 /* Build configuration list for PBXNativeTarget "ProjectManager (macOS)" */;
			buildPhases = (
				93E1358A25A32D1C003F7423 /* Sources */,
				93E1358B25A32D1C003F7423 /* Frameworks */,
				93E1358C25A32D1C003F7423 /* Resources */,
			);
			buildRules = (
			);
			dependencies = (
			);
			name = "ProjectManager (macOS)";
			packageProductDependencies = (
			);
			productName = "ProjectManager (macOS)";
			productReference = 93E1358E25A32D1C003F7423 /* ProjectManager.app */;
			productType = "com.apple.product-type.application";
		};
		93E1359525A32D1C003F7423 /* Tests iOS */ = {
			isa = PBXNativeTarget;
			buildConfigurationList = 93E135B825A32D1C003F7423 /* Build configuration list for PBXNativeTarget "Tests iOS" */;
			buildPhases = (
				93E1359225A32D1C003F7423 /* Sources */,
				93E1359325A32D1C003F7423 /* Frameworks */,
				93E1359425A32D1C003F7423 /* Resources */,
			);
			buildRules = (
			);
			dependencies = (
				93E1359825A32D1C003F7423 /* PBXTargetDependency */,
			);
			name = "Tests iOS";
			productName = "Tests iOS";
			productReference = 93E1359625A32D1C003F7423 /* Tests iOS.xctest */;
			productType = "com.apple.product-type.bundle.ui-testing";
		};
		93E135A025A32D1C003F7423 /* Tests macOS */ = {
			isa = PBXNativeTarget;
			buildConfigurationList = 93E135BB25A32D1C003F7423 /* Build configuration list for PBXNativeTarget "Tests macOS" */;
			buildPhases = (
				93E1359D25A32D1C003F7423 /* Sources */,
				93E1359E25A32D1C003F7423 /* Frameworks */,
				93E1359F25A32D1C003F7423 /* Resources */,
			);
			buildRules = (
			);
			dependencies = (
				93E135A325A32D1C003F7423 /* PBXTargetDependency */,
			);
			name = "Tests macOS";
			productName = "Tests macOS";
			productReference = 93E135A125A32D1C003F7423 /* Tests macOS.xctest */;
			productType = "com.apple.product-type.bundle.ui-testing";
		};
/* End PBXNativeTarget section */

/* Begin PBXProject section */
		93E1357925A32D1B003F7423 /* Project object */ = {
			isa = PBXProject;
			attributes = {
				LastSwiftUpdateCheck = 1230;
				LastUpgradeCheck = 1230;
				TargetAttributes = {
					93E1358525A32D1C003F7423 = {
						CreatedOnToolsVersion = 12.3;
					};
					93E1358D25A32D1C003F7423 = {
						CreatedOnToolsVersion = 12.3;
					};
					93E1359525A32D1C003F7423 = {
						CreatedOnToolsVersion = 12.3;
						TestTargetID = 93E1358525A32D1C003F7423;
					};
					93E135A025A32D1C003F7423 = {
						CreatedOnToolsVersion = 12.3;
						TestTargetID = 93E1358D25A32D1C003F7423;
					};
				};
			};
			buildConfigurationList = 93E1357C25A32D1B003F7423 /* Build configuration list for PBXProject "ProjectManager" */;
			compatibilityVersion = "Xcode 9.3";
			developmentRegion = en;
			hasScannedForEncodings = 0;
			knownRegions = (
				en,
				Base,
			);
			mainGroup = 93E1357825A32D1B003F7423;
			packageReferences = (
			);
			productRefGroup = 93E1358725A32D1C003F7423 /* Products */;
			projectDirPath = "";
			projectRoot = "";
			targets = (
				93E1358525A32D1C003F7423 /* ProjectManager (iOS) */,
				93E1358D25A32D1C003F7423 /* ProjectManager (macOS) */,
				93E1359525A32D1C003F7423 /* Tests iOS */,
				93E135A025A32D1C003F7423 /* Tests macOS */,
			);
		};
/* End PBXProject section */

/* Begin PBXResourcesBuildPhase section */
		93E1358425A32D1C003F7423 /* Resources */ = {
			isa = PBXResourcesBuildPhase;
			buildActionMask = 2147483647;
			files = (
				93E135AE25A32D1C003F7423 /* Assets.xcassets in Resources */,
			);
			runOnlyForDeploymentPostprocessing = 0;
		};
		93E1358C25A32D1C003F7423 /* Resources */ = {
			isa = PBXResourcesBuildPhase;
			buildActionMask = 2147483647;
			files = (
				93E135AF25A32D1C003F7423 /* Assets.xcassets in Resources */,
			);
			runOnlyForDeploymentPostprocessing = 0;
		};
		93E1359425A32D1C003F7423 /* Resources */ = {
			isa = PBXResourcesBuildPhase;
			buildActionMask = 2147483647;
			files = (
			);
			runOnlyForDeploymentPostprocessing = 0;
		};
		93E1359F25A32D1C003F7423 /* Resources */ = {
			isa = PBXResourcesBuildPhase;
			buildActionMask = 2147483647;
			files = (
			);
			runOnlyForDeploymentPostprocessing = 0;
		};
/* End PBXResourcesBuildPhase section */

/* Begin PBXSourcesBuildPhase section */
		93E1358225A32D1C003F7423 /* Sources */ = {
			isa = PBXSourcesBuildPhase;
			buildActionMask = 2147483647;
			files = (
				93E135AA25A32D1C003F7423 /* ProjectManagerDocument.swift in Sources */,
				93E135A825A32D1C003F7423 /* ProjectManagerApp.swift in Sources */,
				93D60F3725BA32D40040DE9F /* ProjectModel.swift in Sources */,
				93381CDC25A37EF4000B881F /* ProjectInfoModel.swift in Sources */,
				93E135AC25A32D1C003F7423 /* ContentView.swift in Sources */,
				93833D3225A37384005FF3C0 /* Constants.swift in Sources */,
			);
			runOnlyForDeploymentPostprocessing = 0;
		};
		93E1358A25A32D1C003F7423 /* Sources */ = {
			isa = PBXSourcesBuildPhase;
			buildActionMask = 2147483647;
			files = (
				93E135AB25A32D1C003F7423 /* ProjectManagerDocument.swift in Sources */,
				93E135A925A32D1C003F7423 /* ProjectManagerApp.swift in Sources */,
				93D60F3825BA32D40040DE9F /* ProjectModel.swift in Sources */,
				936F5DAB25A382FE00C86CA3 /* ProjectInfoModel.swift in Sources */,
				93E135AD25A32D1C003F7423 /* ContentView.swift in Sources */,
				93833D3325A37384005FF3C0 /* Constants.swift in Sources */,
			);
			runOnlyForDeploymentPostprocessing = 0;
		};
		93E1359225A32D1C003F7423 /* Sources */ = {
			isa = PBXSourcesBuildPhase;
			buildActionMask = 2147483647;
			files = (
				93E1359B25A32D1C003F7423 /* Tests_iOS.swift in Sources */,
			);
			runOnlyForDeploymentPostprocessing = 0;
		};
		93E1359D25A32D1C003F7423 /* Sources */ = {
			isa = PBXSourcesBuildPhase;
			buildActionMask = 2147483647;
			files = (
				93E135A625A32D1C003F7423 /* Tests_macOS.swift in Sources */,
			);
			runOnlyForDeploymentPostprocessing = 0;
		};
/* End PBXSourcesBuildPhase section */

/* Begin PBXTargetDependency section */
		93E1359825A32D1C003F7423 /* PBXTargetDependency */ = {
			isa = PBXTargetDependency;
			target = 93E1358525A32D1C003F7423 /* ProjectManager (iOS) */;
			targetProxy = 93E1359725A32D1C003F7423 /* PBXContainerItemProxy */;
		};
		93E135A325A32D1C003F7423 /* PBXTargetDependency */ = {
			isa = PBXTargetDependency;
			target = 93E1358D25A32D1C003F7423 /* ProjectManager (macOS) */;
			targetProxy = 93E135A225A32D1C003F7423 /* PBXContainerItemProxy */;
		};
/* End PBXTargetDependency section */

/* Begin XCBuildConfiguration section */
		93E135B025A32D1C003F7423 /* Debug */ = {
			isa = XCBuildConfiguration;
			buildSettings = {
				ALWAYS_SEARCH_USER_PATHS = NO;
				CLANG_ANALYZER_NONNULL = YES;
				CLANG_ANALYZER_NUMBER_OBJECT_CONVERSION = YES_AGGRESSIVE;
				CLANG_CXX_LANGUAGE_STANDARD = "gnu++14";
				CLANG_CXX_LIBRARY = "libc++";
				CLANG_ENABLE_MODULES = YES;
				CLANG_ENABLE_OBJC_ARC = YES;
				CLANG_ENABLE_OBJC_WEAK = YES;
				CLANG_WARN_BLOCK_CAPTURE_AUTORELEASING = YES;
				CLANG_WARN_BOOL_CONVERSION = YES;
				CLANG_WARN_COMMA = YES;
				CLANG_WARN_CONSTANT_CONVERSION = YES;
				CLANG_WARN_DEPRECATED_OBJC_IMPLEMENTATIONS = YES;
				CLANG_WARN_DIRECT_OBJC_ISA_USAGE = YES_ERROR;
				CLANG_WARN_DOCUMENTATION_COMMENTS = YES;
				CLANG_WARN_EMPTY_BODY = YES;
				CLANG_WARN_ENUM_CONVERSION = YES;
				CLANG_WARN_INFINITE_RECURSION = YES;
				CLANG_WARN_INT_CONVERSION = YES;
				CLANG_WARN_NON_LITERAL_NULL_CONVERSION = YES;
				CLANG_WARN_OBJC_IMPLICIT_RETAIN_SELF = YES;
				CLANG_WARN_OBJC_LITERAL_CONVERSION = YES;
				CLANG_WARN_OBJC_ROOT_CLASS = YES_ERROR;
				CLANG_WARN_QUOTED_INCLUDE_IN_FRAMEWORK_HEADER = YES;
				CLANG_WARN_RANGE_LOOP_ANALYSIS = YES;
				CLANG_WARN_STRICT_PROTOTYPES = YES;
				CLANG_WARN_SUSPICIOUS_MOVE = YES;
				CLANG_WARN_UNGUARDED_AVAILABILITY = YES_AGGRESSIVE;
				CLANG_WARN_UNREACHABLE_CODE = YES;
				CLANG_WARN__DUPLICATE_METHOD_MATCH = YES;
				COPY_PHASE_STRIP = NO;
				DEBUG_INFORMATION_FORMAT = dwarf;
				ENABLE_STRICT_OBJC_MSGSEND = YES;
				ENABLE_TESTABILITY = YES;
				GCC_C_LANGUAGE_STANDARD = gnu11;
				GCC_DYNAMIC_NO_PIC = NO;
				GCC_NO_COMMON_BLOCKS = YES;
				GCC_OPTIMIZATION_LEVEL = 0;
				GCC_PREPROCESSOR_DEFINITIONS = (
					"DEBUG=1",
					"$(inherited)",
				);
				GCC_WARN_64_TO_32_BIT_CONVERSION = YES;
				GCC_WARN_ABOUT_RETURN_TYPE = YES_ERROR;
				GCC_WARN_UNDECLARED_SELECTOR = YES;
				GCC_WARN_UNINITIALIZED_AUTOS = YES_AGGRESSIVE;
				GCC_WARN_UNUSED_FUNCTION = YES;
				GCC_WARN_UNUSED_VARIABLE = YES;
				MTL_ENABLE_DEBUG_INFO = INCLUDE_SOURCE;
				MTL_FAST_MATH = YES;
				ONLY_ACTIVE_ARCH = YES;
				SWIFT_ACTIVE_COMPILATION_CONDITIONS = DEBUG;
				SWIFT_OPTIMIZATION_LEVEL = "-Onone";
			};
			name = Debug;
		};
		93E135B125A32D1C003F7423 /* Release */ = {
			isa = XCBuildConfiguration;
			buildSettings = {
				ALWAYS_SEARCH_USER_PATHS = NO;
				CLANG_ANALYZER_NONNULL = YES;
				CLANG_ANALYZER_NUMBER_OBJECT_CONVERSION = YES_AGGRESSIVE;
				CLANG_CXX_LANGUAGE_STANDARD = "gnu++14";
				CLANG_CXX_LIBRARY = "libc++";
				CLANG_ENABLE_MODULES = YES;
				CLANG_ENABLE_OBJC_ARC = YES;
				CLANG_ENABLE_OBJC_WEAK = YES;
				CLANG_WARN_BLOCK_CAPTURE_AUTORELEASING = YES;
				CLANG_WARN_BOOL_CONVERSION = YES;
				CLANG_WARN_COMMA = YES;
				CLANG_WARN_CONSTANT_CONVERSION = YES;
				CLANG_WARN_DEPRECATED_OBJC_IMPLEMENTATIONS = YES;
				CLANG_WARN_DIRECT_OBJC_ISA_USAGE = YES_ERROR;
				CLANG_WARN_DOCUMENTATION_COMMENTS = YES;
				CLANG_WARN_EMPTY_BODY = YES;
				CLANG_WARN_ENUM_CONVERSION = YES;
				CLANG_WARN_INFINITE_RECURSION = YES;
				CLANG_WARN_INT_CONVERSION = YES;
				CLANG_WARN_NON_LITERAL_NULL_CONVERSION = YES;
				CLANG_WARN_OBJC_IMPLICIT_RETAIN_SELF = YES;
				CLANG_WARN_OBJC_LITERAL_CONVERSION = YES;
				CLANG_WARN_OBJC_ROOT_CLASS = YES_ERROR;
				CLANG_WARN_QUOTED_INCLUDE_IN_FRAMEWORK_HEADER = YES;
				CLANG_WARN_RANGE_LOOP_ANALYSIS = YES;
				CLANG_WARN_STRICT_PROTOTYPES = YES;
				CLANG_WARN_SUSPICIOUS_MOVE = YES;
				CLANG_WARN_UNGUARDED_AVAILABILITY = YES_AGGRESSIVE;
				CLANG_WARN_UNREACHABLE_CODE = YES;
				CLANG_WARN__DUPLICATE_METHOD_MATCH = YES;
				COPY_PHASE_STRIP = NO;
				DEBUG_INFORMATION_FORMAT = "dwarf-with-dsym";
				ENABLE_NS_ASSERTIONS = NO;
				ENABLE_STRICT_OBJC_MSGSEND = YES;
				GCC_C_LANGUAGE_STANDARD = gnu11;
				GCC_NO_COMMON_BLOCKS = YES;
				GCC_WARN_64_TO_32_BIT_CONVERSION = YES;
				GCC_WARN_ABOUT_RETURN_TYPE = YES_ERROR;
				GCC_WARN_UNDECLARED_SELECTOR = YES;
				GCC_WARN_UNINITIALIZED_AUTOS = YES_AGGRESSIVE;
				GCC_WARN_UNUSED_FUNCTION = YES;
				GCC_WARN_UNUSED_VARIABLE = YES;
				MTL_ENABLE_DEBUG_INFO = NO;
				MTL_FAST_MATH = YES;
				SWIFT_COMPILATION_MODE = wholemodule;
				SWIFT_OPTIMIZATION_LEVEL = "-O";
			};
			name = Release;
		};
		93E135B325A32D1C003F7423 /* Debug */ = {
			isa = XCBuildConfiguration;
			buildSettings = {
				ASSETCATALOG_COMPILER_APPICON_NAME = AppIcon;
				ASSETCATALOG_COMPILER_GLOBAL_ACCENT_COLOR_NAME = AccentColor;
				CODE_SIGN_STYLE = Automatic;
				DEVELOPMENT_TEAM = MMG5EY7EYL;
				ENABLE_PREVIEWS = YES;
				INFOPLIST_FILE = iOS/Info.plist;
				IPHONEOS_DEPLOYMENT_TARGET = 14.0;
				LD_RUNPATH_SEARCH_PATHS = (
					"$(inherited)",
					"@executable_path/Frameworks",
				);
				PRODUCT_BUNDLE_IDENTIFIER = com.alexseifert.ProjectManager;
				PRODUCT_NAME = ProjectManager;
				SDKROOT = iphoneos;
				SWIFT_VERSION = 5.0;
				TARGETED_DEVICE_FAMILY = "1,2";
			};
			name = Debug;
		};
		93E135B425A32D1C003F7423 /* Release */ = {
			isa = XCBuildConfiguration;
			buildSettings = {
				ASSETCATALOG_COMPILER_APPICON_NAME = AppIcon;
				ASSETCATALOG_COMPILER_GLOBAL_ACCENT_COLOR_NAME = AccentColor;
				CODE_SIGN_STYLE = Automatic;
				DEVELOPMENT_TEAM = MMG5EY7EYL;
				ENABLE_PREVIEWS = YES;
				INFOPLIST_FILE = iOS/Info.plist;
				IPHONEOS_DEPLOYMENT_TARGET = 14.0;
				LD_RUNPATH_SEARCH_PATHS = (
					"$(inherited)",
					"@executable_path/Frameworks",
				);
				PRODUCT_BUNDLE_IDENTIFIER = com.alexseifert.ProjectManager;
				PRODUCT_NAME = ProjectManager;
				SDKROOT = iphoneos;
				SWIFT_VERSION = 5.0;
				TARGETED_DEVICE_FAMILY = "1,2";
				VALIDATE_PRODUCT = YES;
			};
			name = Release;
		};
		93E135B625A32D1C003F7423 /* Debug */ = {
			isa = XCBuildConfiguration;
			buildSettings = {
				ASSETCATALOG_COMPILER_APPICON_NAME = AppIcon;
				ASSETCATALOG_COMPILER_GLOBAL_ACCENT_COLOR_NAME = AccentColor;
				CODE_SIGN_ENTITLEMENTS = macOS/macOS.entitlements;
				CODE_SIGN_STYLE = Automatic;
				COMBINE_HIDPI_IMAGES = YES;
				DEVELOPMENT_TEAM = MMG5EY7EYL;
				ENABLE_HARDENED_RUNTIME = YES;
				ENABLE_PREVIEWS = YES;
				INFOPLIST_FILE = macOS/Info.plist;
				LD_RUNPATH_SEARCH_PATHS = (
					"$(inherited)",
					"@executable_path/../Frameworks",
				);
				MACOSX_DEPLOYMENT_TARGET = 11.0;
				PRODUCT_BUNDLE_IDENTIFIER = com.alexseifert.ProjectManager;
				PRODUCT_NAME = ProjectManager;
				SDKROOT = macosx;
				SWIFT_VERSION = 5.0;
			};
			name = Debug;
		};
		93E135B725A32D1C003F7423 /* Release */ = {
			isa = XCBuildConfiguration;
			buildSettings = {
				ASSETCATALOG_COMPILER_APPICON_NAME = AppIcon;
				ASSETCATALOG_COMPILER_GLOBAL_ACCENT_COLOR_NAME = AccentColor;
				CODE_SIGN_ENTITLEMENTS = macOS/macOS.entitlements;
				CODE_SIGN_STYLE = Automatic;
				COMBINE_HIDPI_IMAGES = YES;
				DEVELOPMENT_TEAM = MMG5EY7EYL;
				ENABLE_HARDENED_RUNTIME = YES;
				ENABLE_PREVIEWS = YES;
				INFOPLIST_FILE = macOS/Info.plist;
				LD_RUNPATH_SEARCH_PATHS = (
					"$(inherited)",
					"@executable_path/../Frameworks",
				);
				MACOSX_DEPLOYMENT_TARGET = 11.0;
				PRODUCT_BUNDLE_IDENTIFIER = com.alexseifert.ProjectManager;
				PRODUCT_NAME = ProjectManager;
				SDKROOT = macosx;
				SWIFT_VERSION = 5.0;
			};
			name = Release;
		};
		93E135B925A32D1C003F7423 /* Debug */ = {
			isa = XCBuildConfiguration;
			buildSettings = {
				ALWAYS_EMBED_SWIFT_STANDARD_LIBRARIES = YES;
				CODE_SIGN_STYLE = Automatic;
				DEVELOPMENT_TEAM = MMG5EY7EYL;
				INFOPLIST_FILE = "Tests iOS/Info.plist";
				IPHONEOS_DEPLOYMENT_TARGET = 14.3;
				LD_RUNPATH_SEARCH_PATHS = (
					"$(inherited)",
					"@executable_path/Frameworks",
					"@loader_path/Frameworks",
				);
				PRODUCT_BUNDLE_IDENTIFIER = "com.alexseifert.Tests-iOS";
				PRODUCT_NAME = "$(TARGET_NAME)";
				SDKROOT = iphoneos;
				SWIFT_VERSION = 5.0;
				TARGETED_DEVICE_FAMILY = "1,2";
				TEST_TARGET_NAME = "ProjectManager (iOS)";
			};
			name = Debug;
		};
		93E135BA25A32D1C003F7423 /* Release */ = {
			isa = XCBuildConfiguration;
			buildSettings = {
				ALWAYS_EMBED_SWIFT_STANDARD_LIBRARIES = YES;
				CODE_SIGN_STYLE = Automatic;
				DEVELOPMENT_TEAM = MMG5EY7EYL;
				INFOPLIST_FILE = "Tests iOS/Info.plist";
				IPHONEOS_DEPLOYMENT_TARGET = 14.3;
				LD_RUNPATH_SEARCH_PATHS = (
					"$(inherited)",
					"@executable_path/Frameworks",
					"@loader_path/Frameworks",
				);
				PRODUCT_BUNDLE_IDENTIFIER = "com.alexseifert.Tests-iOS";
				PRODUCT_NAME = "$(TARGET_NAME)";
				SDKROOT = iphoneos;
				SWIFT_VERSION = 5.0;
				TARGETED_DEVICE_FAMILY = "1,2";
				TEST_TARGET_NAME = "ProjectManager (iOS)";
				VALIDATE_PRODUCT = YES;
			};
			name = Release;
		};
		93E135BC25A32D1C003F7423 /* Debug */ = {
			isa = XCBuildConfiguration;
			buildSettings = {
				ALWAYS_EMBED_SWIFT_STANDARD_LIBRARIES = YES;
				CODE_SIGN_STYLE = Automatic;
				COMBINE_HIDPI_IMAGES = YES;
				DEVELOPMENT_TEAM = MMG5EY7EYL;
				INFOPLIST_FILE = "Tests macOS/Info.plist";
				LD_RUNPATH_SEARCH_PATHS = (
					"$(inherited)",
					"@executable_path/../Frameworks",
					"@loader_path/../Frameworks",
				);
				MACOSX_DEPLOYMENT_TARGET = 11.1;
				PRODUCT_BUNDLE_IDENTIFIER = "com.alexseifert.Tests-macOS";
				PRODUCT_NAME = "$(TARGET_NAME)";
				SDKROOT = macosx;
				SWIFT_VERSION = 5.0;
				TEST_TARGET_NAME = "ProjectManager (macOS)";
			};
			name = Debug;
		};
		93E135BD25A32D1C003F7423 /* Release */ = {
			isa = XCBuildConfiguration;
			buildSettings = {
				ALWAYS_EMBED_SWIFT_STANDARD_LIBRARIES = YES;
				CODE_SIGN_STYLE = Automatic;
				COMBINE_HIDPI_IMAGES = YES;
				DEVELOPMENT_TEAM = MMG5EY7EYL;
				INFOPLIST_FILE = "Tests macOS/Info.plist";
				LD_RUNPATH_SEARCH_PATHS = (
					"$(inherited)",
					"@executable_path/../Frameworks",
					"@loader_path/../Frameworks",
				);
				MACOSX_DEPLOYMENT_TARGET = 11.1;
				PRODUCT_BUNDLE_IDENTIFIER = "com.alexseifert.Tests-macOS";
				PRODUCT_NAME = "$(TARGET_NAME)";
				SDKROOT = macosx;
				SWIFT_VERSION = 5.0;
				TEST_TARGET_NAME = "ProjectManager (macOS)";
			};
			name = Release;
		};
/* End XCBuildConfiguration section */

/* Begin XCConfigurationList section */
		93E1357C25A32D1B003F7423 /* Build configuration list for PBXProject "ProjectManager" */ = {
			isa = XCConfigurationList;
			buildConfigurations = (
				93E135B025A32D1C003F7423 /* Debug */,
				93E135B125A32D1C003F7423 /* Release */,
			);
			defaultConfigurationIsVisible = 0;
			defaultConfigurationName = Release;
		};
		93E135B225A32D1C003F7423 /* Build configuration list for PBXNativeTarget "ProjectManager (iOS)" */ = {
			isa = XCConfigurationList;
			buildConfigurations = (
				93E135B325A32D1C003F7423 /* Debug */,
				93E135B425A32D1C003F7423 /* Release */,
			);
			defaultConfigurationIsVisible = 0;
			defaultConfigurationName = Release;
		};
		93E135B525A32D1C003F7423 /* Build configuration list for PBXNativeTarget "ProjectManager (macOS)" */ = {
			isa = XCConfigurationList;
			buildConfigurations = (
				93E135B625A32D1C003F7423 /* Debug */,
				93E135B725A32D1C003F7423 /* Release */,
			);
			defaultConfigurationIsVisible = 0;
			defaultConfigurationName = Release;
		};
		93E135B825A32D1C003F7423 /* Build configuration list for PBXNativeTarget "Tests iOS" */ = {
			isa = XCConfigurationList;
			buildConfigurations = (
				93E135B925A32D1C003F7423 /* Debug */,
				93E135BA25A32D1C003F7423 /* Release */,
			);
			defaultConfigurationIsVisible = 0;
			defaultConfigurationName = Release;
		};
		93E135BB25A32D1C003F7423 /* Build configuration list for PBXNativeTarget "Tests macOS" */ = {
			isa = XCConfigurationList;
			buildConfigurations = (
				93E135BC25A32D1C003F7423 /* Debug */,
				93E135BD25A32D1C003F7423 /* Release */,
			);
			defaultConfigurationIsVisible = 0;
			defaultConfigurationName = Release;
		};
/* End XCConfigurationList section */
	};
	rootObject = 93E1357925A32D1B003F7423 /* Project object */;
}
